
Microsoft Visual Studio Solution File, Format Version 12.00
# Visual Studio Version 17
VisualStudioVersion = 17.8.34212.112
MinimumVisualStudioVersion = 10.0.40219.1
Project("{9A19103F-16F7-4668-BE54-9A1E7A4F7556}") = "ConsoleApp1", "ConsoleApp1\ConsoleApp1.csproj", "{B60C3690-6CC8-4726-9858-4F0CA459F9BB}"
EndProject
Project("{9A19103F-16F7-4668-BE54-9A1E7A4F7556}") = "00Using", "00Using\00Using.csproj", "{59E9A0B6-507F-4485-A42A-575358DC0838}"
EndProject
Project("{9A19103F-16F7-4668-BE54-9A1E7A4F7556}") = "01Class", "00Class\01Class.csproj", "{A8353CFD-FC77-4CF8-8798-E2F3E6C85652}"
EndProject
Project("{FAE04EC0-301F-11D3-BF4B-00C04F79EFBC}") = "02NameSpace", "02NameSpace\02NameSpace.csproj", "{3B02DE82-78E8-4D84-89B0-29AA46804B06}"
EndProject
Project("{FAE04EC0-301F-11D3-BF4B-00C04F79EFBC}") = "03CodeStartAndReading", "03CodeStartAndReading\03CodeStartAndReading.csproj", "{962A83B8-FADA-439E-B229-326B7C172D2E}"
EndProject
Global
	GlobalSection(SolutionConfigurationPlatforms) = preSolution
		Debug|Any CPU = Debug|Any CPU
		Release|Any CPU = Release|Any CPU
	EndGlobalSection
	GlobalSection(ProjectConfigurationPlatforms) = postSolution
		{B60C3690-6CC8-4726-9858-4F0CA459F9BB}.Debug|Any CPU.ActiveCfg = Debug|Any CPU
		{B60C3690-6CC8-4726-9858-4F0CA459F9BB}.Debug|Any CPU.Build.0 = Debug|Any CPU
		{B60C3690-6CC8-4726-9858-4F0CA459F9BB}.Release|Any CPU.ActiveCfg = Release|Any CPU
		{B60C3690-6CC8-4726-9858-4F0CA459F9BB}.Release|Any CPU.Build.0 = Release|Any CPU
		{59E9A0B6-507F-4485-A42A-575358DC0838}.Debug|Any CPU.ActiveCfg = Debug|Any CPU
		{59E9A0B6-507F-4485-A42A-575358DC0838}.Debug|Any CPU.Build.0 = Debug|Any CPU
		{59E9A0B6-507F-4485-A42A-575358DC0838}.Release|Any CPU.ActiveCfg = Release|Any CPU
		{59E9A0B6-507F-4485-A42A-575358DC0838}.Release|Any CPU.Build.0 = Release|Any CPU
		{A8353CFD-FC77-4CF8-8798-E2F3E6C85652}.Debug|Any CPU.ActiveCfg = Debug|Any CPU
		{A8353CFD-FC77-4CF8-8798-E2F3E6C85652}.Debug|Any CPU.Build.0 = Debug|Any CPU
		{A8353CFD-FC77-4CF8-8798-E2F3E6C85652}.Release|Any CPU.ActiveCfg = Release|Any CPU
		{A8353CFD-FC77-4CF8-8798-E2F3E6C85652}.Release|Any CPU.Build.0 = Release|Any CPU
		{3B02DE82-78E8-4D84-89B0-29AA46804B06}.Debug|Any CPU.ActiveCfg = Debug|Any CPU
		{3B02DE82-78E8-4D84-89B0-29AA46804B06}.Debug|Any CPU.Build.0 = Debug|Any CPU
		{3B02DE82-78E8-4D84-89B0-29AA46804B06}.Release|Any CPU.ActiveCfg = Release|Any CPU
		{3B02DE82-78E8-4D84-89B0-29AA46804B06}.Release|Any CPU.Build.0 = Release|Any CPU
		{962A83B8-FADA-439E-B229-326B7C172D2E}.Debug|Any CPU.ActiveCfg = Debug|Any CPU
		{962A83B8-FADA-439E-B229-326B7C172D2E}.Debug|Any CPU.Build.0 = Debug|Any CPU
		{962A83B8-FADA-439E-B229-326B7C172D2E}.Release|Any CPU.ActiveCfg = Release|Any CPU
		{962A83B8-FADA-439E-B229-326B7C172D2E}.Release|Any CPU.Build.0 = Release|Any CPU
	EndGlobalSection
	GlobalSection(SolutionProperties) = preSolution
		HideSolutionNode = FALSE
	EndGlobalSection
	GlobalSection(ExtensibilityGlobals) = postSolution
		SolutionGuid = {9222957A-2ABB-4F7B-9254-59920A8637C8}
	EndGlobalSection
EndGlobal
